// !$*UTF8*$!
{
	archiveVersion = 1;
	classes = {
	};
	objectVersion = 48;
	objects = {

/* Begin PBXBuildFile section */
		1133D60DEA958D3C7A004347 /* Pods_watch_Extension.framework in Frameworks */ = {isa = PBXBuildFile; fileRef = C6F7FB9783510CECB050EAA4 /* Pods_watch_Extension.framework */; };
		8135216E204DC7B600C191F1 /* AppDelegate.swift in Sources */ = {isa = PBXBuildFile; fileRef = 8135216D204DC7B600C191F1 /* AppDelegate.swift */; };
		81352170204DC7B600C191F1 /* ViewController.swift in Sources */ = {isa = PBXBuildFile; fileRef = 8135216F204DC7B600C191F1 /* ViewController.swift */; };
		81352173204DC7B600C191F1 /* Main.storyboard in Resources */ = {isa = PBXBuildFile; fileRef = 81352171204DC7B600C191F1 /* Main.storyboard */; };
		81352175204DC7B600C191F1 /* Assets.xcassets in Resources */ = {isa = PBXBuildFile; fileRef = 81352174204DC7B600C191F1 /* Assets.xcassets */; };
		81352178204DC7B600C191F1 /* LaunchScreen.storyboard in Resources */ = {isa = PBXBuildFile; fileRef = 81352176204DC7B600C191F1 /* LaunchScreen.storyboard */; };
		81352185204DCBBC00C191F1 /* Interface.storyboard in Resources */ = {isa = PBXBuildFile; fileRef = 81352183204DCBBC00C191F1 /* Interface.storyboard */; };
		81352187204DCBBC00C191F1 /* Assets.xcassets in Resources */ = {isa = PBXBuildFile; fileRef = 81352186204DCBBC00C191F1 /* Assets.xcassets */; };
		8135218E204DCBBC00C191F1 /* watch Extension.appex in Embed App Extensions */ = {isa = PBXBuildFile; fileRef = 8135218D204DCBBC00C191F1 /* watch Extension.appex */; settings = {ATTRIBUTES = (RemoveHeadersOnCopy, ); }; };
		81352193204DCBBC00C191F1 /* InterfaceController.swift in Sources */ = {isa = PBXBuildFile; fileRef = 81352192204DCBBC00C191F1 /* InterfaceController.swift */; };
		81352195204DCBBC00C191F1 /* ExtensionDelegate.swift in Sources */ = {isa = PBXBuildFile; fileRef = 81352194204DCBBC00C191F1 /* ExtensionDelegate.swift */; };
		81352197204DCBBC00C191F1 /* ComplicationController.swift in Sources */ = {isa = PBXBuildFile; fileRef = 81352196204DCBBC00C191F1 /* ComplicationController.swift */; };
		81352199204DCBBC00C191F1 /* Assets.xcassets in Resources */ = {isa = PBXBuildFile; fileRef = 81352198204DCBBC00C191F1 /* Assets.xcassets */; };
		8135219D204DCBBC00C191F1 /* watch.app in Embed Watch Content */ = {isa = PBXBuildFile; fileRef = 81352181204DCBBB00C191F1 /* watch.app */; };
		8A8D833B60AF7F4BC0973EDB /* Pods_ataf.framework in Frameworks */ = {isa = PBXBuildFile; fileRef = F5C0D26E91C56170C2242553 /* Pods_ataf.framework */; };
		E08A33258B6C2B5C340751B9 /* Pods_watch.framework in Frameworks */ = {isa = PBXBuildFile; fileRef = 856ED21A83F0832446A68F7B /* Pods_watch.framework */; };
/* End PBXBuildFile section */

/* Begin PBXContainerItemProxy section */
		8135218F204DCBBC00C191F1 /* PBXContainerItemProxy */ = {
			isa = PBXContainerItemProxy;
			containerPortal = 81352162204DC7B600C191F1 /* Project object */;
			proxyType = 1;
			remoteGlobalIDString = 8135218C204DCBBC00C191F1;
			remoteInfo = "watch Extension";
		};
		8135219B204DCBBC00C191F1 /* PBXContainerItemProxy */ = {
			isa = PBXContainerItemProxy;
			containerPortal = 81352162204DC7B600C191F1 /* Project object */;
			proxyType = 1;
			remoteGlobalIDString = 81352180204DCBBB00C191F1;
			remoteInfo = watch;
		};
/* End PBXContainerItemProxy section */

/* Begin PBXCopyFilesBuildPhase section */
		813521A3204DCBBC00C191F1 /* Embed App Extensions */ = {
			isa = PBXCopyFilesBuildPhase;
			buildActionMask = 2147483647;
			dstPath = "";
			dstSubfolderSpec = 13;
			files = (
				8135218E204DCBBC00C191F1 /* watch Extension.appex in Embed App Extensions */,
			);
			name = "Embed App Extensions";
			runOnlyForDeploymentPostprocessing = 0;
		};
		813521A5204DCBBC00C191F1 /* Embed Watch Content */ = {
			isa = PBXCopyFilesBuildPhase;
			buildActionMask = 2147483647;
			dstPath = "$(CONTENTS_FOLDER_PATH)/Watch";
			dstSubfolderSpec = 16;
			files = (
				8135219D204DCBBC00C191F1 /* watch.app in Embed Watch Content */,
			);
			name = "Embed Watch Content";
			runOnlyForDeploymentPostprocessing = 0;
		};
/* End PBXCopyFilesBuildPhase section */

/* Begin PBXFileReference section */
		030699D67A468728B1E30E0E /* Pods-watch.release.xcconfig */ = {isa = PBXFileReference; includeInIndex = 1; lastKnownFileType = text.xcconfig; name = "Pods-watch.release.xcconfig"; path = "Pods/Target Support Files/Pods-watch/Pods-watch.release.xcconfig"; sourceTree = "<group>"; };
		3EC051AB05855EB5D9A49B55 /* Pods-ataf.release.xcconfig */ = {isa = PBXFileReference; includeInIndex = 1; lastKnownFileType = text.xcconfig; name = "Pods-ataf.release.xcconfig"; path = "Pods/Target Support Files/Pods-ataf/Pods-ataf.release.xcconfig"; sourceTree = "<group>"; };
		75C7FD027FBF736B9081E92C /* Pods-ataf.debug.xcconfig */ = {isa = PBXFileReference; includeInIndex = 1; lastKnownFileType = text.xcconfig; name = "Pods-ataf.debug.xcconfig"; path = "Pods/Target Support Files/Pods-ataf/Pods-ataf.debug.xcconfig"; sourceTree = "<group>"; };
		8135216A204DC7B600C191F1 /* ataf.app */ = {isa = PBXFileReference; explicitFileType = wrapper.application; includeInIndex = 0; path = ataf.app; sourceTree = BUILT_PRODUCTS_DIR; };
		8135216D204DC7B600C191F1 /* AppDelegate.swift */ = {isa = PBXFileReference; lastKnownFileType = sourcecode.swift; path = AppDelegate.swift; sourceTree = "<group>"; };
		8135216F204DC7B600C191F1 /* ViewController.swift */ = {isa = PBXFileReference; lastKnownFileType = sourcecode.swift; path = ViewController.swift; sourceTree = "<group>"; };
		81352172204DC7B600C191F1 /* Base */ = {isa = PBXFileReference; lastKnownFileType = file.storyboard; name = Base; path = Base.lproj/Main.storyboard; sourceTree = "<group>"; };
		81352174204DC7B600C191F1 /* Assets.xcassets */ = {isa = PBXFileReference; lastKnownFileType = folder.assetcatalog; path = Assets.xcassets; sourceTree = "<group>"; };
		81352177204DC7B600C191F1 /* Base */ = {isa = PBXFileReference; lastKnownFileType = file.storyboard; name = Base; path = Base.lproj/LaunchScreen.storyboard; sourceTree = "<group>"; };
		81352179204DC7B600C191F1 /* Info.plist */ = {isa = PBXFileReference; lastKnownFileType = text.plist.xml; path = Info.plist; sourceTree = "<group>"; };
		81352181204DCBBB00C191F1 /* watch.app */ = {isa = PBXFileReference; explicitFileType = wrapper.application; includeInIndex = 0; path = watch.app; sourceTree = BUILT_PRODUCTS_DIR; };
		81352184204DCBBC00C191F1 /* Base */ = {isa = PBXFileReference; lastKnownFileType = file.storyboard; name = Base; path = Base.lproj/Interface.storyboard; sourceTree = "<group>"; };
		81352186204DCBBC00C191F1 /* Assets.xcassets */ = {isa = PBXFileReference; lastKnownFileType = folder.assetcatalog; path = Assets.xcassets; sourceTree = "<group>"; };
		81352188204DCBBC00C191F1 /* Info.plist */ = {isa = PBXFileReference; lastKnownFileType = text.plist.xml; path = Info.plist; sourceTree = "<group>"; };
		8135218D204DCBBC00C191F1 /* watch Extension.appex */ = {isa = PBXFileReference; explicitFileType = "wrapper.app-extension"; includeInIndex = 0; path = "watch Extension.appex"; sourceTree = BUILT_PRODUCTS_DIR; };
		81352192204DCBBC00C191F1 /* InterfaceController.swift */ = {isa = PBXFileReference; lastKnownFileType = sourcecode.swift; path = InterfaceController.swift; sourceTree = "<group>"; };
		81352194204DCBBC00C191F1 /* ExtensionDelegate.swift */ = {isa = PBXFileReference; lastKnownFileType = sourcecode.swift; path = ExtensionDelegate.swift; sourceTree = "<group>"; };
		81352196204DCBBC00C191F1 /* ComplicationController.swift */ = {isa = PBXFileReference; lastKnownFileType = sourcecode.swift; path = ComplicationController.swift; sourceTree = "<group>"; };
		81352198204DCBBC00C191F1 /* Assets.xcassets */ = {isa = PBXFileReference; lastKnownFileType = folder.assetcatalog; path = Assets.xcassets; sourceTree = "<group>"; };
		8135219A204DCBBC00C191F1 /* Info.plist */ = {isa = PBXFileReference; lastKnownFileType = text.plist.xml; path = Info.plist; sourceTree = "<group>"; };
		856ED21A83F0832446A68F7B /* Pods_watch.framework */ = {isa = PBXFileReference; explicitFileType = wrapper.framework; includeInIndex = 0; path = Pods_watch.framework; sourceTree = BUILT_PRODUCTS_DIR; };
		9709922D8F5BE7691009E848 /* Pods-watch Extension.debug.xcconfig */ = {isa = PBXFileReference; includeInIndex = 1; lastKnownFileType = text.xcconfig; name = "Pods-watch Extension.debug.xcconfig"; path = "Pods/Target Support Files/Pods-watch Extension/Pods-watch Extension.debug.xcconfig"; sourceTree = "<group>"; };
		AD116464CE18D7696C4513FA /* Pods-watch Extension.release.xcconfig */ = {isa = PBXFileReference; includeInIndex = 1; lastKnownFileType = text.xcconfig; name = "Pods-watch Extension.release.xcconfig"; path = "Pods/Target Support Files/Pods-watch Extension/Pods-watch Extension.release.xcconfig"; sourceTree = "<group>"; };
		BE1A53E9C3095D544BBBEC14 /* Pods-watch.debug.xcconfig */ = {isa = PBXFileReference; includeInIndex = 1; lastKnownFileType = text.xcconfig; name = "Pods-watch.debug.xcconfig"; path = "Pods/Target Support Files/Pods-watch/Pods-watch.debug.xcconfig"; sourceTree = "<group>"; };
		C6F7FB9783510CECB050EAA4 /* Pods_watch_Extension.framework */ = {isa = PBXFileReference; explicitFileType = wrapper.framework; includeInIndex = 0; path = Pods_watch_Extension.framework; sourceTree = BUILT_PRODUCTS_DIR; };
		F5C0D26E91C56170C2242553 /* Pods_ataf.framework */ = {isa = PBXFileReference; explicitFileType = wrapper.framework; includeInIndex = 0; path = Pods_ataf.framework; sourceTree = BUILT_PRODUCTS_DIR; };
/* End PBXFileReference section */

/* Begin PBXFrameworksBuildPhase section */
		0EAB497FEA5B0E001581A3B4 /* Frameworks */ = {
			isa = PBXFrameworksBuildPhase;
			buildActionMask = 2147483647;
			files = (
				E08A33258B6C2B5C340751B9 /* Pods_watch.framework in Frameworks */,
			);
			runOnlyForDeploymentPostprocessing = 0;
		};
		81352167204DC7B600C191F1 /* Frameworks */ = {
			isa = PBXFrameworksBuildPhase;
			buildActionMask = 2147483647;
			files = (
				8A8D833B60AF7F4BC0973EDB /* Pods_ataf.framework in Frameworks */,
			);
			runOnlyForDeploymentPostprocessing = 0;
		};
		8135218A204DCBBC00C191F1 /* Frameworks */ = {
			isa = PBXFrameworksBuildPhase;
			buildActionMask = 2147483647;
			files = (
				1133D60DEA958D3C7A004347 /* Pods_watch_Extension.framework in Frameworks */,
			);
			runOnlyForDeploymentPostprocessing = 0;
		};
/* End PBXFrameworksBuildPhase section */

/* Begin PBXGroup section */
		61B2F925690B2967513BCD1D /* Pods */ = {
			isa = PBXGroup;
			children = (
				75C7FD027FBF736B9081E92C /* Pods-ataf.debug.xcconfig */,
				3EC051AB05855EB5D9A49B55 /* Pods-ataf.release.xcconfig */,
				BE1A53E9C3095D544BBBEC14 /* Pods-watch.debug.xcconfig */,
				030699D67A468728B1E30E0E /* Pods-watch.release.xcconfig */,
				9709922D8F5BE7691009E848 /* Pods-watch Extension.debug.xcconfig */,
				AD116464CE18D7696C4513FA /* Pods-watch Extension.release.xcconfig */,
			);
			name = Pods;
			sourceTree = "<group>";
		};
		81352161204DC7B600C191F1 = {
			isa = PBXGroup;
			children = (
				8135216C204DC7B600C191F1 /* ataf */,
				81352182204DCBBC00C191F1 /* watch */,
				81352191204DCBBC00C191F1 /* watch Extension */,
				8135216B204DC7B600C191F1 /* Products */,
				61B2F925690B2967513BCD1D /* Pods */,
				CD1E7ED998CA27167BD8F8EE /* Frameworks */,
			);
			sourceTree = "<group>";
		};
		8135216B204DC7B600C191F1 /* Products */ = {
			isa = PBXGroup;
			children = (
				8135216A204DC7B600C191F1 /* ataf.app */,
				81352181204DCBBB00C191F1 /* watch.app */,
				8135218D204DCBBC00C191F1 /* watch Extension.appex */,
			);
			name = Products;
			sourceTree = "<group>";
		};
		8135216C204DC7B600C191F1 /* ataf */ = {
			isa = PBXGroup;
			children = (
				8135216D204DC7B600C191F1 /* AppDelegate.swift */,
				8135216F204DC7B600C191F1 /* ViewController.swift */,
				81352171204DC7B600C191F1 /* Main.storyboard */,
				81352174204DC7B600C191F1 /* Assets.xcassets */,
				81352176204DC7B600C191F1 /* LaunchScreen.storyboard */,
				81352179204DC7B600C191F1 /* Info.plist */,
			);
			path = ataf;
			sourceTree = "<group>";
		};
		81352182204DCBBC00C191F1 /* watch */ = {
			isa = PBXGroup;
			children = (
				81352183204DCBBC00C191F1 /* Interface.storyboard */,
				81352186204DCBBC00C191F1 /* Assets.xcassets */,
				81352188204DCBBC00C191F1 /* Info.plist */,
			);
			path = watch;
			sourceTree = "<group>";
		};
		81352191204DCBBC00C191F1 /* watch Extension */ = {
			isa = PBXGroup;
			children = (
				81352192204DCBBC00C191F1 /* InterfaceController.swift */,
				81352194204DCBBC00C191F1 /* ExtensionDelegate.swift */,
				81352196204DCBBC00C191F1 /* ComplicationController.swift */,
				81352198204DCBBC00C191F1 /* Assets.xcassets */,
				8135219A204DCBBC00C191F1 /* Info.plist */,
			);
			path = "watch Extension";
			sourceTree = "<group>";
		};
		CD1E7ED998CA27167BD8F8EE /* Frameworks */ = {
			isa = PBXGroup;
			children = (
				F5C0D26E91C56170C2242553 /* Pods_ataf.framework */,
				856ED21A83F0832446A68F7B /* Pods_watch.framework */,
				C6F7FB9783510CECB050EAA4 /* Pods_watch_Extension.framework */,
			);
			name = Frameworks;
			sourceTree = "<group>";
		};
/* End PBXGroup section */

/* Begin PBXNativeTarget section */
		81352169204DC7B600C191F1 /* ataf */ = {
			isa = PBXNativeTarget;
			buildConfigurationList = 8135217C204DC7B600C191F1 /* Build configuration list for PBXNativeTarget "ataf" */;
			buildPhases = (
				8805ECD8D7B64DF34E22E2F8 /* [CP] Check Pods Manifest.lock */,
				81352166204DC7B600C191F1 /* Sources */,
				81352167204DC7B600C191F1 /* Frameworks */,
				81352168204DC7B600C191F1 /* Resources */,
				813521A5204DCBBC00C191F1 /* Embed Watch Content */,
				BDA92C8A721F401B8ED745E5 /* [CP] Embed Pods Frameworks */,
				EE541FBCB04A9A1E8BCA2107 /* [CP] Copy Pods Resources */,
			);
			buildRules = (
			);
			dependencies = (
				8135219C204DCBBC00C191F1 /* PBXTargetDependency */,
			);
			name = ataf;
			productName = ataf;
			productReference = 8135216A204DC7B600C191F1 /* ataf.app */;
			productType = "com.apple.product-type.application";
		};
		81352180204DCBBB00C191F1 /* watch */ = {
			isa = PBXNativeTarget;
			buildConfigurationList = 813521A4204DCBBC00C191F1 /* Build configuration list for PBXNativeTarget "watch" */;
			buildPhases = (
				EBE2171055C2D08C7A4FC892 /* [CP] Check Pods Manifest.lock */,
				8135217F204DCBBB00C191F1 /* Resources */,
				813521A3204DCBBC00C191F1 /* Embed App Extensions */,
				0EAB497FEA5B0E001581A3B4 /* Frameworks */,
				4BE7A344D8ACDB78BAE449F2 /* [CP] Copy Pods Resources */,
			);
			buildRules = (
			);
			dependencies = (
				81352190204DCBBC00C191F1 /* PBXTargetDependency */,
			);
			name = watch;
			productName = watch;
			productReference = 81352181204DCBBB00C191F1 /* watch.app */;
			productType = "com.apple.product-type.application.watchapp2";
		};
		8135218C204DCBBC00C191F1 /* watch Extension */ = {
			isa = PBXNativeTarget;
			buildConfigurationList = 813521A2204DCBBC00C191F1 /* Build configuration list for PBXNativeTarget "watch Extension" */;
			buildPhases = (
				9AB4E373F694C7221176C393 /* [CP] Check Pods Manifest.lock */,
				81352189204DCBBC00C191F1 /* Sources */,
				8135218A204DCBBC00C191F1 /* Frameworks */,
				8135218B204DCBBC00C191F1 /* Resources */,
				9ECDDFE03664BAAC05DB00E9 /* [CP] Embed Pods Frameworks */,
				3B4BEADF736C0ACB93BFCE08 /* [CP] Copy Pods Resources */,
			);
			buildRules = (
			);
			dependencies = (
			);
			name = "watch Extension";
			productName = "watch Extension";
			productReference = 8135218D204DCBBC00C191F1 /* watch Extension.appex */;
			productType = "com.apple.product-type.watchkit2-extension";
		};
/* End PBXNativeTarget section */

/* Begin PBXProject section */
		81352162204DC7B600C191F1 /* Project object */ = {
			isa = PBXProject;
			attributes = {
				LastSwiftUpdateCheck = 0910;
				LastUpgradeCheck = 0910;
				ORGANIZATIONNAME = ned;
				TargetAttributes = {
					81352169204DC7B600C191F1 = {
						CreatedOnToolsVersion = 9.1;
						ProvisioningStyle = Automatic;
					};
					81352180204DCBBB00C191F1 = {
						CreatedOnToolsVersion = 9.1;
						ProvisioningStyle = Automatic;
					};
					8135218C204DCBBC00C191F1 = {
						CreatedOnToolsVersion = 9.1;
						ProvisioningStyle = Automatic;
					};
				};
			};
			buildConfigurationList = 81352165204DC7B600C191F1 /* Build configuration list for PBXProject "ataf" */;
			compatibilityVersion = "Xcode 8.0";
			developmentRegion = en;
			hasScannedForEncodings = 0;
			knownRegions = (
				en,
				Base,
			);
			mainGroup = 81352161204DC7B600C191F1;
			productRefGroup = 8135216B204DC7B600C191F1 /* Products */;
			projectDirPath = "";
			projectRoot = "";
			targets = (
				81352169204DC7B600C191F1 /* ataf */,
				81352180204DCBBB00C191F1 /* watch */,
				8135218C204DCBBC00C191F1 /* watch Extension */,
			);
		};
/* End PBXProject section */

/* Begin PBXResourcesBuildPhase section */
		81352168204DC7B600C191F1 /* Resources */ = {
			isa = PBXResourcesBuildPhase;
			buildActionMask = 2147483647;
			files = (
				81352178204DC7B600C191F1 /* LaunchScreen.storyboard in Resources */,
				81352175204DC7B600C191F1 /* Assets.xcassets in Resources */,
				81352173204DC7B600C191F1 /* Main.storyboard in Resources */,
			);
			runOnlyForDeploymentPostprocessing = 0;
		};
		8135217F204DCBBB00C191F1 /* Resources */ = {
			isa = PBXResourcesBuildPhase;
			buildActionMask = 2147483647;
			files = (
				81352187204DCBBC00C191F1 /* Assets.xcassets in Resources */,
				81352185204DCBBC00C191F1 /* Interface.storyboard in Resources */,
			);
			runOnlyForDeploymentPostprocessing = 0;
		};
		8135218B204DCBBC00C191F1 /* Resources */ = {
			isa = PBXResourcesBuildPhase;
			buildActionMask = 2147483647;
			files = (
				81352199204DCBBC00C191F1 /* Assets.xcassets in Resources */,
			);
			runOnlyForDeploymentPostprocessing = 0;
		};
/* End PBXResourcesBuildPhase section */

/* Begin PBXShellScriptBuildPhase section */
		3B4BEADF736C0ACB93BFCE08 /* [CP] Copy Pods Resources */ = {
			isa = PBXShellScriptBuildPhase;
			buildActionMask = 2147483647;
			files = (
			);
			inputPaths = (
			);
			name = "[CP] Copy Pods Resources";
			outputPaths = (
			);
			runOnlyForDeploymentPostprocessing = 0;
			shellPath = /bin/sh;
			shellScript = "\"${SRCROOT}/Pods/Target Support Files/Pods-watch Extension/Pods-watch Extension-resources.sh\"\n";
			showEnvVarsInLog = 0;
		};
		4BE7A344D8ACDB78BAE449F2 /* [CP] Copy Pods Resources */ = {
			isa = PBXShellScriptBuildPhase;
			buildActionMask = 2147483647;
			files = (
			);
			inputPaths = (
			);
			name = "[CP] Copy Pods Resources";
			outputPaths = (
			);
			runOnlyForDeploymentPostprocessing = 0;
			shellPath = /bin/sh;
			shellScript = "\"${SRCROOT}/Pods/Target Support Files/Pods-watch/Pods-watch-resources.sh\"\n";
			showEnvVarsInLog = 0;
		};
		8805ECD8D7B64DF34E22E2F8 /* [CP] Check Pods Manifest.lock */ = {
			isa = PBXShellScriptBuildPhase;
			buildActionMask = 2147483647;
			files = (
			);
			inputPaths = (
				"${PODS_PODFILE_DIR_PATH}/Podfile.lock",
				"${PODS_ROOT}/Manifest.lock",
			);
			name = "[CP] Check Pods Manifest.lock";
			outputPaths = (
				"$(DERIVED_FILE_DIR)/Pods-ataf-checkManifestLockResult.txt",
			);
			runOnlyForDeploymentPostprocessing = 0;
			shellPath = /bin/sh;
			shellScript = "diff \"${PODS_PODFILE_DIR_PATH}/Podfile.lock\" \"${PODS_ROOT}/Manifest.lock\" > /dev/null\nif [ $? != 0 ] ; then\n    # print error to STDERR\n    echo \"error: The sandbox is not in sync with the Podfile.lock. Run 'pod install' or update your CocoaPods installation.\" >&2\n    exit 1\nfi\n# This output is used by Xcode 'outputs' to avoid re-running this script phase.\necho \"SUCCESS\" > \"${SCRIPT_OUTPUT_FILE_0}\"\n";
			showEnvVarsInLog = 0;
		};
		9AB4E373F694C7221176C393 /* [CP] Check Pods Manifest.lock */ = {
			isa = PBXShellScriptBuildPhase;
			buildActionMask = 2147483647;
			files = (
			);
			inputPaths = (
				"${PODS_PODFILE_DIR_PATH}/Podfile.lock",
				"${PODS_ROOT}/Manifest.lock",
			);
			name = "[CP] Check Pods Manifest.lock";
			outputPaths = (
				"$(DERIVED_FILE_DIR)/Pods-watch Extension-checkManifestLockResult.txt",
			);
			runOnlyForDeploymentPostprocessing = 0;
			shellPath = /bin/sh;
			shellScript = "diff \"${PODS_PODFILE_DIR_PATH}/Podfile.lock\" \"${PODS_ROOT}/Manifest.lock\" > /dev/null\nif [ $? != 0 ] ; then\n    # print error to STDERR\n    echo \"error: The sandbox is not in sync with the Podfile.lock. Run 'pod install' or update your CocoaPods installation.\" >&2\n    exit 1\nfi\n# This output is used by Xcode 'outputs' to avoid re-running this script phase.\necho \"SUCCESS\" > \"${SCRIPT_OUTPUT_FILE_0}\"\n";
			showEnvVarsInLog = 0;
		};
		9ECDDFE03664BAAC05DB00E9 /* [CP] Embed Pods Frameworks */ = {
			isa = PBXShellScriptBuildPhase;
			buildActionMask = 2147483647;
			files = (
			);
			inputPaths = (
				"${SRCROOT}/Pods/Target Support Files/Pods-watch Extension/Pods-watch Extension-frameworks.sh",
				"${BUILT_PRODUCTS_DIR}/Alamofire-watchOS/Alamofire.framework",
				"${BUILT_PRODUCTS_DIR}/CryptoSwift-watchOS/CryptoSwift.framework",
				"${BUILT_PRODUCTS_DIR}/SwiftyJSON-watchOS/SwiftyJSON.framework",
			);
			name = "[CP] Embed Pods Frameworks";
			outputPaths = (
				"${TARGET_BUILD_DIR}/${FRAMEWORKS_FOLDER_PATH}/Alamofire.framework",
				"${TARGET_BUILD_DIR}/${FRAMEWORKS_FOLDER_PATH}/CryptoSwift.framework",
				"${TARGET_BUILD_DIR}/${FRAMEWORKS_FOLDER_PATH}/SwiftyJSON.framework",
			);
			runOnlyForDeploymentPostprocessing = 0;
			shellPath = /bin/sh;
			shellScript = "\"${SRCROOT}/Pods/Target Support Files/Pods-watch Extension/Pods-watch Extension-frameworks.sh\"\n";
			showEnvVarsInLog = 0;
		};
		BDA92C8A721F401B8ED745E5 /* [CP] Embed Pods Frameworks */ = {
			isa = PBXShellScriptBuildPhase;
			buildActionMask = 2147483647;
			files = (
			);
			inputPaths = (
				"${SRCROOT}/Pods/Target Support Files/Pods-ataf/Pods-ataf-frameworks.sh",
				"${BUILT_PRODUCTS_DIR}/Alamofire-iOS/Alamofire.framework",
				"${BUILT_PRODUCTS_DIR}/CryptoSwift-iOS/CryptoSwift.framework",
				"${BUILT_PRODUCTS_DIR}/SwiftyJSON-iOS/SwiftyJSON.framework",
			);
			name = "[CP] Embed Pods Frameworks";
			outputPaths = (
				"${TARGET_BUILD_DIR}/${FRAMEWORKS_FOLDER_PATH}/Alamofire.framework",
				"${TARGET_BUILD_DIR}/${FRAMEWORKS_FOLDER_PATH}/CryptoSwift.framework",
				"${TARGET_BUILD_DIR}/${FRAMEWORKS_FOLDER_PATH}/SwiftyJSON.framework",
			);
			runOnlyForDeploymentPostprocessing = 0;
			shellPath = /bin/sh;
			shellScript = "\"${SRCROOT}/Pods/Target Support Files/Pods-ataf/Pods-ataf-frameworks.sh\"\n";
			showEnvVarsInLog = 0;
		};
		EBE2171055C2D08C7A4FC892 /* [CP] Check Pods Manifest.lock */ = {
			isa = PBXShellScriptBuildPhase;
			buildActionMask = 2147483647;
			files = (
			);
			inputPaths = (
				"${PODS_PODFILE_DIR_PATH}/Podfile.lock",
				"${PODS_ROOT}/Manifest.lock",
			);
			name = "[CP] Check Pods Manifest.lock";
			outputPaths = (
				"$(DERIVED_FILE_DIR)/Pods-watch-checkManifestLockResult.txt",
			);
			runOnlyForDeploymentPostprocessing = 0;
			shellPath = /bin/sh;
			shellScript = "diff \"${PODS_PODFILE_DIR_PATH}/Podfile.lock\" \"${PODS_ROOT}/Manifest.lock\" > /dev/null\nif [ $? != 0 ] ; then\n    # print error to STDERR\n    echo \"error: The sandbox is not in sync with the Podfile.lock. Run 'pod install' or update your CocoaPods installation.\" >&2\n    exit 1\nfi\n# This output is used by Xcode 'outputs' to avoid re-running this script phase.\necho \"SUCCESS\" > \"${SCRIPT_OUTPUT_FILE_0}\"\n";
			showEnvVarsInLog = 0;
		};
		EE541FBCB04A9A1E8BCA2107 /* [CP] Copy Pods Resources */ = {
			isa = PBXShellScriptBuildPhase;
			buildActionMask = 2147483647;
			files = (
			);
			inputPaths = (
			);
			name = "[CP] Copy Pods Resources";
			outputPaths = (
			);
			runOnlyForDeploymentPostprocessing = 0;
			shellPath = /bin/sh;
			shellScript = "\"${SRCROOT}/Pods/Target Support Files/Pods-ataf/Pods-ataf-resources.sh\"\n";
			showEnvVarsInLog = 0;
		};
/* End PBXShellScriptBuildPhase section */

/* Begin PBXSourcesBuildPhase section */
		81352166204DC7B600C191F1 /* Sources */ = {
			isa = PBXSourcesBuildPhase;
			buildActionMask = 2147483647;
			files = (
				81352170204DC7B600C191F1 /* ViewController.swift in Sources */,
				8135216E204DC7B600C191F1 /* AppDelegate.swift in Sources */,
			);
			runOnlyForDeploymentPostprocessing = 0;
		};
		81352189204DCBBC00C191F1 /* Sources */ = {
			isa = PBXSourcesBuildPhase;
			buildActionMask = 2147483647;
			files = (
				81352195204DCBBC00C191F1 /* ExtensionDelegate.swift in Sources */,
				81352193204DCBBC00C191F1 /* InterfaceController.swift in Sources */,
				81352197204DCBBC00C191F1 /* ComplicationController.swift in Sources */,
			);
			runOnlyForDeploymentPostprocessing = 0;
		};
/* End PBXSourcesBuildPhase section */

/* Begin PBXTargetDependency section */
		81352190204DCBBC00C191F1 /* PBXTargetDependency */ = {
			isa = PBXTargetDependency;
			target = 8135218C204DCBBC00C191F1 /* watch Extension */;
			targetProxy = 8135218F204DCBBC00C191F1 /* PBXContainerItemProxy */;
		};
		8135219C204DCBBC00C191F1 /* PBXTargetDependency */ = {
			isa = PBXTargetDependency;
			target = 81352180204DCBBB00C191F1 /* watch */;
			targetProxy = 8135219B204DCBBC00C191F1 /* PBXContainerItemProxy */;
		};
/* End PBXTargetDependency section */

/* Begin PBXVariantGroup section */
		81352171204DC7B600C191F1 /* Main.storyboard */ = {
			isa = PBXVariantGroup;
			children = (
				81352172204DC7B600C191F1 /* Base */,
			);
			name = Main.storyboard;
			sourceTree = "<group>";
		};
		81352176204DC7B600C191F1 /* LaunchScreen.storyboard */ = {
			isa = PBXVariantGroup;
			children = (
				81352177204DC7B600C191F1 /* Base */,
			);
			name = LaunchScreen.storyboard;
			sourceTree = "<group>";
		};
		81352183204DCBBC00C191F1 /* Interface.storyboard */ = {
			isa = PBXVariantGroup;
			children = (
				81352184204DCBBC00C191F1 /* Base */,
			);
			name = Interface.storyboard;
			sourceTree = "<group>";
		};
/* End PBXVariantGroup section */

/* Begin XCBuildConfiguration section */
		8135217A204DC7B600C191F1 /* Debug */ = {
			isa = XCBuildConfiguration;
			buildSettings = {
				ALWAYS_SEARCH_USER_PATHS = NO;
				CLANG_ANALYZER_NONNULL = YES;
				CLANG_ANALYZER_NUMBER_OBJECT_CONVERSION = YES_AGGRESSIVE;
				CLANG_CXX_LANGUAGE_STANDARD = "gnu++14";
				CLANG_CXX_LIBRARY = "libc++";
				CLANG_ENABLE_MODULES = YES;
				CLANG_ENABLE_OBJC_ARC = YES;
				CLANG_WARN_BLOCK_CAPTURE_AUTORELEASING = YES;
				CLANG_WARN_BOOL_CONVERSION = YES;
				CLANG_WARN_COMMA = YES;
				CLANG_WARN_CONSTANT_CONVERSION = YES;
				CLANG_WARN_DIRECT_OBJC_ISA_USAGE = YES_ERROR;
				CLANG_WARN_DOCUMENTATION_COMMENTS = YES;
				CLANG_WARN_EMPTY_BODY = YES;
				CLANG_WARN_ENUM_CONVERSION = YES;
				CLANG_WARN_INFINITE_RECURSION = YES;
				CLANG_WARN_INT_CONVERSION = YES;
				CLANG_WARN_NON_LITERAL_NULL_CONVERSION = YES;
				CLANG_WARN_OBJC_LITERAL_CONVERSION = YES;
				CLANG_WARN_OBJC_ROOT_CLASS = YES_ERROR;
				CLANG_WARN_RANGE_LOOP_ANALYSIS = YES;
				CLANG_WARN_STRICT_PROTOTYPES = YES;
				CLANG_WARN_SUSPICIOUS_MOVE = YES;
				CLANG_WARN_UNGUARDED_AVAILABILITY = YES_AGGRESSIVE;
				CLANG_WARN_UNREACHABLE_CODE = YES;
				CLANG_WARN__DUPLICATE_METHOD_MATCH = YES;
				CODE_SIGN_IDENTITY = "iPhone Developer";
				COPY_PHASE_STRIP = NO;
				DEBUG_INFORMATION_FORMAT = dwarf;
				ENABLE_STRICT_OBJC_MSGSEND = YES;
				ENABLE_TESTABILITY = YES;
				GCC_C_LANGUAGE_STANDARD = gnu11;
				GCC_DYNAMIC_NO_PIC = NO;
				GCC_NO_COMMON_BLOCKS = YES;
				GCC_OPTIMIZATION_LEVEL = 0;
				GCC_PREPROCESSOR_DEFINITIONS = (
					"DEBUG=1",
					"$(inherited)",
				);
				GCC_WARN_64_TO_32_BIT_CONVERSION = YES;
				GCC_WARN_ABOUT_RETURN_TYPE = YES_ERROR;
				GCC_WARN_UNDECLARED_SELECTOR = YES;
				GCC_WARN_UNINITIALIZED_AUTOS = YES_AGGRESSIVE;
				GCC_WARN_UNUSED_FUNCTION = YES;
				GCC_WARN_UNUSED_VARIABLE = YES;
				IPHONEOS_DEPLOYMENT_TARGET = 11.1;
				MTL_ENABLE_DEBUG_INFO = YES;
				ONLY_ACTIVE_ARCH = YES;
				SDKROOT = iphoneos;
				SWIFT_ACTIVE_COMPILATION_CONDITIONS = DEBUG;
				SWIFT_OPTIMIZATION_LEVEL = "-Onone";
			};
			name = Debug;
		};
		8135217B204DC7B600C191F1 /* Release */ = {
			isa = XCBuildConfiguration;
			buildSettings = {
				ALWAYS_SEARCH_USER_PATHS = NO;
				CLANG_ANALYZER_NONNULL = YES;
				CLANG_ANALYZER_NUMBER_OBJECT_CONVERSION = YES_AGGRESSIVE;
				CLANG_CXX_LANGUAGE_STANDARD = "gnu++14";
				CLANG_CXX_LIBRARY = "libc++";
				CLANG_ENABLE_MODULES = YES;
				CLANG_ENABLE_OBJC_ARC = YES;
				CLANG_WARN_BLOCK_CAPTURE_AUTORELEASING = YES;
				CLANG_WARN_BOOL_CONVERSION = YES;
				CLANG_WARN_COMMA = YES;
				CLANG_WARN_CONSTANT_CONVERSION = YES;
				CLANG_WARN_DIRECT_OBJC_ISA_USAGE = YES_ERROR;
				CLANG_WARN_DOCUMENTATION_COMMENTS = YES;
				CLANG_WARN_EMPTY_BODY = YES;
				CLANG_WARN_ENUM_CONVERSION = YES;
				CLANG_WARN_INFINITE_RECURSION = YES;
				CLANG_WARN_INT_CONVERSION = YES;
				CLANG_WARN_NON_LITERAL_NULL_CONVERSION = YES;
				CLANG_WARN_OBJC_LITERAL_CONVERSION = YES;
				CLANG_WARN_OBJC_ROOT_CLASS = YES_ERROR;
				CLANG_WARN_RANGE_LOOP_ANALYSIS = YES;
				CLANG_WARN_STRICT_PROTOTYPES = YES;
				CLANG_WARN_SUSPICIOUS_MOVE = YES;
				CLANG_WARN_UNGUARDED_AVAILABILITY = YES_AGGRESSIVE;
				CLANG_WARN_UNREACHABLE_CODE = YES;
				CLANG_WARN__DUPLICATE_METHOD_MATCH = YES;
				CODE_SIGN_IDENTITY = "iPhone Developer";
				COPY_PHASE_STRIP = NO;
				DEBUG_INFORMATION_FORMAT = "dwarf-with-dsym";
				ENABLE_NS_ASSERTIONS = NO;
				ENABLE_STRICT_OBJC_MSGSEND = YES;
				GCC_C_LANGUAGE_STANDARD = gnu11;
				GCC_NO_COMMON_BLOCKS = YES;
				GCC_WARN_64_TO_32_BIT_CONVERSION = YES;
				GCC_WARN_ABOUT_RETURN_TYPE = YES_ERROR;
				GCC_WARN_UNDECLARED_SELECTOR = YES;
				GCC_WARN_UNINITIALIZED_AUTOS = YES_AGGRESSIVE;
				GCC_WARN_UNUSED_FUNCTION = YES;
				GCC_WARN_UNUSED_VARIABLE = YES;
				IPHONEOS_DEPLOYMENT_TARGET = 11.1;
				MTL_ENABLE_DEBUG_INFO = NO;
				SDKROOT = iphoneos;
				SWIFT_OPTIMIZATION_LEVEL = "-Owholemodule";
				VALIDATE_PRODUCT = YES;
			};
			name = Release;
		};
		8135217D204DC7B600C191F1 /* Debug */ = {
			isa = XCBuildConfiguration;
			baseConfigurationReference = 75C7FD027FBF736B9081E92C /* Pods-ataf.debug.xcconfig */;
			buildSettings = {
				ASSETCATALOG_COMPILER_APPICON_NAME = AppIcon;
				CODE_SIGN_STYLE = Automatic;
				DEVELOPMENT_TEAM = 9Y4562FZWB;
				INFOPLIST_FILE = ataf/Info.plist;
				LD_RUNPATH_SEARCH_PATHS = "$(inherited) @executable_path/Frameworks";
				PRODUCT_BUNDLE_IDENTIFIER = it.ned.ataf;
				PRODUCT_NAME = "$(TARGET_NAME)";
				SWIFT_VERSION = 4.0;
				TARGETED_DEVICE_FAMILY = "1,2";
			};
			name = Debug;
		};
		8135217E204DC7B600C191F1 /* Release */ = {
			isa = XCBuildConfiguration;
			baseConfigurationReference = 3EC051AB05855EB5D9A49B55 /* Pods-ataf.release.xcconfig */;
			buildSettings = {
				ASSETCATALOG_COMPILER_APPICON_NAME = AppIcon;
				CODE_SIGN_STYLE = Automatic;
				DEVELOPMENT_TEAM = 9Y4562FZWB;
				INFOPLIST_FILE = ataf/Info.plist;
				LD_RUNPATH_SEARCH_PATHS = "$(inherited) @executable_path/Frameworks";
				PRODUCT_BUNDLE_IDENTIFIER = it.ned.ataf;
				PRODUCT_NAME = "$(TARGET_NAME)";
				SWIFT_VERSION = 4.0;
				TARGETED_DEVICE_FAMILY = "1,2";
			};
			name = Release;
		};
		8135219E204DCBBC00C191F1 /* Debug */ = {
			isa = XCBuildConfiguration;
			baseConfigurationReference = BE1A53E9C3095D544BBBEC14 /* Pods-watch.debug.xcconfig */;
			buildSettings = {
				ALWAYS_EMBED_SWIFT_STANDARD_LIBRARIES = YES;
				ASSETCATALOG_COMPILER_APPICON_NAME = AppIcon;
				"CODE_SIGN_IDENTITY[sdk=watchos*]" = "iPhone Developer";
				CODE_SIGN_STYLE = Automatic;
				DEVELOPMENT_TEAM = 9Y4562FZWB;
				IBSC_MODULE = watch_Extension;
				INFOPLIST_FILE = watch/Info.plist;
				PRODUCT_BUNDLE_IDENTIFIER = it.ned.ataf.watchkitapp;
				PRODUCT_NAME = "$(TARGET_NAME)";
				PROVISIONING_PROFILE_SPECIFIER = "";
				SDKROOT = watchos;
				SKIP_INSTALL = YES;
				SWIFT_VERSION = 4.0;
				TARGETED_DEVICE_FAMILY = 4;
				WATCHOS_DEPLOYMENT_TARGET = 4.1;
			};
			name = Debug;
		};
		8135219F204DCBBC00C191F1 /* Release */ = {
			isa = XCBuildConfiguration;
			baseConfigurationReference = 030699D67A468728B1E30E0E /* Pods-watch.release.xcconfig */;
			buildSettings = {
				ALWAYS_EMBED_SWIFT_STANDARD_LIBRARIES = YES;
				ASSETCATALOG_COMPILER_APPICON_NAME = AppIcon;
				"CODE_SIGN_IDENTITY[sdk=watchos*]" = "iPhone Developer";
				CODE_SIGN_STYLE = Automatic;
				DEVELOPMENT_TEAM = 9Y4562FZWB;
				IBSC_MODULE = watch_Extension;
				INFOPLIST_FILE = watch/Info.plist;
				PRODUCT_BUNDLE_IDENTIFIER = it.ned.ataf.watchkitapp;
				PRODUCT_NAME = "$(TARGET_NAME)";
				PROVISIONING_PROFILE_SPECIFIER = "";
				SDKROOT = watchos;
				SKIP_INSTALL = YES;
				SWIFT_VERSION = 4.0;
				TARGETED_DEVICE_FAMILY = 4;
				WATCHOS_DEPLOYMENT_TARGET = 4.1;
			};
			name = Release;
		};
		813521A0204DCBBC00C191F1 /* Debug */ = {
			isa = XCBuildConfiguration;
			baseConfigurationReference = 9709922D8F5BE7691009E848 /* Pods-watch Extension.debug.xcconfig */;
			buildSettings = {
				ASSETCATALOG_COMPILER_COMPLICATION_NAME = Complication;
				"CODE_SIGN_IDENTITY[sdk=watchos*]" = "iPhone Developer";
				CODE_SIGN_STYLE = Automatic;
				DEVELOPMENT_TEAM = 9Y4562FZWB;
				INFOPLIST_FILE = "watch Extension/Info.plist";
				LD_RUNPATH_SEARCH_PATHS = "$(inherited) @executable_path/Frameworks @executable_path/../../Frameworks";
				PRODUCT_BUNDLE_IDENTIFIER = it.ned.ataf.watchkitapp.watchkitextension;
				PRODUCT_NAME = "${TARGET_NAME}";
				PROVISIONING_PROFILE_SPECIFIER = "";
				SDKROOT = watchos;
				SKIP_INSTALL = YES;
				SWIFT_VERSION = 4.0;
				TARGETED_DEVICE_FAMILY = 4;
				WATCHOS_DEPLOYMENT_TARGET = 4.1;
			};
			name = Debug;
		};
		813521A1204DCBBC00C191F1 /* Release */ = {
			isa = XCBuildConfiguration;
			baseConfigurationReference = AD116464CE18D7696C4513FA /* Pods-watch Extension.release.xcconfig */;
			buildSettings = {
				ASSETCATALOG_COMPILER_COMPLICATION_NAME = Complication;
				"CODE_SIGN_IDENTITY[sdk=watchos*]" = "iPhone Developer";
				CODE_SIGN_STYLE = Automatic;
				DEVELOPMENT_TEAM = 9Y4562FZWB;
				INFOPLIST_FILE = "watch Extension/Info.plist";
				LD_RUNPATH_SEARCH_PATHS = "$(inherited) @executable_path/Frameworks @executable_path/../../Frameworks";
				PRODUCT_BUNDLE_IDENTIFIER = it.ned.ataf.watchkitapp.watchkitextension;
				PRODUCT_NAME = "${TARGET_NAME}";
				PROVISIONING_PROFILE_SPECIFIER = "";
				SDKROOT = watchos;
				SKIP_INSTALL = YES;
				SWIFT_VERSION = 4.0;
				TARGETED_DEVICE_FAMILY = 4;
				WATCHOS_DEPLOYMENT_TARGET = 4.1;
			};
			name = Release;
		};
/* End XCBuildConfiguration section */

/* Begin XCConfigurationList section */
		81352165204DC7B600C191F1 /* Build configuration list for PBXProject "ataf" */ = {
			isa = XCConfigurationList;
			buildConfigurations = (
				8135217A204DC7B600C191F1 /* Debug */,
				8135217B204DC7B600C191F1 /* Release */,
			);
			defaultConfigurationIsVisible = 0;
			defaultConfigurationName = Release;
		};
		8135217C204DC7B600C191F1 /* Build configuration list for PBXNativeTarget "ataf" */ = {
			isa = XCConfigurationList;
			buildConfigurations = (
				8135217D204DC7B600C191F1 /* Debug */,
				8135217E204DC7B600C191F1 /* Release */,
			);
			defaultConfigurationIsVisible = 0;
			defaultConfigurationName = Release;
		};
		813521A2204DCBBC00C191F1 /* Build configuration list for PBXNativeTarget "watch Extension" */ = {
			isa = XCConfigurationList;
			buildConfigurations = (
				813521A0204DCBBC00C191F1 /* Debug */,
				813521A1204DCBBC00C191F1 /* Release */,
			);
			defaultConfigurationIsVisible = 0;
			defaultConfigurationName = Release;
		};
		813521A4204DCBBC00C191F1 /* Build configuration list for PBXNativeTarget "watch" */ = {
			isa = XCConfigurationList;
			buildConfigurations = (
				8135219E204DCBBC00C191F1 /* Debug */,
				8135219F204DCBBC00C191F1 /* Release */,
			);
			defaultConfigurationIsVisible = 0;
			defaultConfigurationName = Release;
		};
/* End XCConfigurationList section */
	};
	rootObject = 81352162204DC7B600C191F1 /* Project object */;
}
